
Microsoft Visual Studio Solution File, Format Version 12.00
# Visual Studio Version 17
VisualStudioVersion = 17.7.34024.191
MinimumVisualStudioVersion = 10.0.40219.1
Project("{9A19103F-16F7-4668-BE54-9A1E7A4F7556}") = "Library.Web", "Library.Web\Library.Web.csproj", "{E7BE372D-CEE2-4BB4-A62E-6652B774B26C}"
EndProject
Project("{9A19103F-16F7-4668-BE54-9A1E7A4F7556}") = "Library.Services", "Library.Services\Library.Services.csproj", "{CEFDC74A-663E-430E-8923-A318BC547653}"
EndProject
Project("{9A19103F-16F7-4668-BE54-9A1E7A4F7556}") = "Library.Data", "Library.Data\Library.Data.csproj", "{949CE373-758E-4E18-A2E2-5B7C08983F5B}"
EndProject
Project("{9A19103F-16F7-4668-BE54-9A1E7A4F7556}") = "Library.Common", "Library.Common\Library.Common.csproj", "{A4413305-99AE-4708-BAEB-900C0248DB4B}"
EndProject
Global
	GlobalSection(SolutionConfigurationPlatforms) = preSolution
		Debug|Any CPU = Debug|Any CPU
		Release|Any CPU = Release|Any CPU
	EndGlobalSection
	GlobalSection(ProjectConfigurationPlatforms) = postSolution
		{E7BE372D-CEE2-4BB4-A62E-6652B774B26C}.Debug|Any CPU.ActiveCfg = Debug|Any CPU
		{E7BE372D-CEE2-4BB4-A62E-6652B774B26C}.Debug|Any CPU.Build.0 = Debug|Any CPU
		{E7BE372D-CEE2-4BB4-A62E-6652B774B26C}.Release|Any CPU.ActiveCfg = Release|Any CPU
		{E7BE372D-CEE2-4BB4-A62E-6652B774B26C}.Release|Any CPU.Build.0 = Release|Any CPU
		{CEFDC74A-663E-430E-8923-A318BC547653}.Debug|Any CPU.ActiveCfg = Debug|Any CPU
		{CEFDC74A-663E-430E-8923-A318BC547653}.Debug|Any CPU.Build.0 = Debug|Any CPU
		{CEFDC74A-663E-430E-8923-A318BC547653}.Release|Any CPU.ActiveCfg = Release|Any CPU
		{CEFDC74A-663E-430E-8923-A318BC547653}.Release|Any CPU.Build.0 = Release|Any CPU
		{949CE373-758E-4E18-A2E2-5B7C08983F5B}.Debug|Any CPU.ActiveCfg = Debug|Any CPU
		{949CE373-758E-4E18-A2E2-5B7C08983F5B}.Debug|Any CPU.Build.0 = Debug|Any CPU
		{949CE373-758E-4E18-A2E2-5B7C08983F5B}.Release|Any CPU.ActiveCfg = Release|Any CPU
		{949CE373-758E-4E18-A2E2-5B7C08983F5B}.Release|Any CPU.Build.0 = Release|Any CPU
		{A4413305-99AE-4708-BAEB-900C0248DB4B}.Debug|Any CPU.ActiveCfg = Debug|Any CPU
		{A4413305-99AE-4708-BAEB-900C0248DB4B}.Debug|Any CPU.Build.0 = Debug|Any CPU
		{A4413305-99AE-4708-BAEB-900C0248DB4B}.Release|Any CPU.ActiveCfg = Release|Any CPU
		{A4413305-99AE-4708-BAEB-900C0248DB4B}.Release|Any CPU.Build.0 = Release|Any CPU
	EndGlobalSection
	GlobalSection(SolutionProperties) = preSolution
		HideSolutionNode = FALSE
	EndGlobalSection
	GlobalSection(ExtensibilityGlobals) = postSolution
		SolutionGuid = {436B6F39-DD93-4BCD-81BA-3C4F6293A7DA}
	EndGlobalSection
EndGlobal
